
Microsoft Visual Studio Solution File, Format Version 12.00
# Visual Studio 15
VisualStudioVersion = 15.0.28307.168
MinimumVisualStudioVersion = 10.0.40219.1
Project("{FAE04EC0-301F-11D3-BF4B-00C04F79EFBC}") = "SeleniumFramework", "SeleniumFramework\SeleniumFramework.csproj", "{57B51493-F700-4422-B1D3-19D3E3F9E409}"
EndProject
Global
	GlobalSection(SolutionConfigurationPlatforms) = preSolution
		Debug|Any CPU = Debug|Any CPU
		Release|Any CPU = Release|Any CPU
	EndGlobalSection
	GlobalSection(ProjectConfigurationPlatforms) = postSolution
		{57B51493-F700-4422-B1D3-19D3E3F9E409}.Debug|Any CPU.ActiveCfg = Debug|Any CPU
		{57B51493-F700-4422-B1D3-19D3E3F9E409}.Debug|Any CPU.Build.0 = Debug|Any CPU
		{57B51493-F700-4422-B1D3-19D3E3F9E409}.Release|Any CPU.ActiveCfg = Release|Any CPU
		{57B51493-F700-4422-B1D3-19D3E3F9E409}.Release|Any CPU.Build.0 = Release|Any CPU
	EndGlobalSection
	GlobalSection(SolutionProperties) = preSolution
		HideSolutionNode = FALSE
	EndGlobalSection
	GlobalSection(ExtensibilityGlobals) = postSolution
		SolutionGuid = {0A56FB0B-2DAD-48FF-BC4B-C5C0E26C30C3}
	EndGlobalSection
EndGlobal
